
Microsoft Visual Studio Solution File, Format Version 12.00
# Visual Studio Version 17
VisualStudioVersion = 17.0.31903.59
MinimumVisualStudioVersion = 10.0.40219.1
Project("{FAE04EC0-301F-11D3-BF4B-00C04F79EFBC}") = "ZinzotNet.Shared", "ZinzotNet.Shared\ZinzotNet.Shared.csproj", "{4447B077-B307-40C3-957E-CC39BF9F288E}"
EndProject
Project("{FAE04EC0-301F-11D3-BF4B-00C04F79EFBC}") = "ZinzotNet.Web", "ZinzotNet.Web\ZinzotNet.Web.csproj", "{0D228DBA-280D-4592-AD5D-0157BD5EBFC1}"
EndProject
Project("{FAE04EC0-301F-11D3-BF4B-00C04F79EFBC}") = "ZinzotNet.App", "ZinzotNet.App\ZinzotNet.App.csproj", "{21A8446D-6FCE-4E05-BD7D-B28A6BF54662}"
EndProject
Global
	GlobalSection(SolutionConfigurationPlatforms) = preSolution
		Debug|Any CPU = Debug|Any CPU
		Release|Any CPU = Release|Any CPU
	EndGlobalSection
	GlobalSection(ProjectConfigurationPlatforms) = postSolution
		{4447B077-B307-40C3-957E-CC39BF9F288E}.Debug|Any CPU.ActiveCfg = Debug|Any CPU
		{4447B077-B307-40C3-957E-CC39BF9F288E}.Debug|Any CPU.Build.0 = Debug|Any CPU
		{4447B077-B307-40C3-957E-CC39BF9F288E}.Release|Any CPU.ActiveCfg = Release|Any CPU
		{4447B077-B307-40C3-957E-CC39BF9F288E}.Release|Any CPU.Build.0 = Release|Any CPU
		{0D228DBA-280D-4592-AD5D-0157BD5EBFC1}.Debug|Any CPU.ActiveCfg = Debug|Any CPU
		{0D228DBA-280D-4592-AD5D-0157BD5EBFC1}.Debug|Any CPU.Build.0 = Debug|Any CPU
		{0D228DBA-280D-4592-AD5D-0157BD5EBFC1}.Release|Any CPU.ActiveCfg = Release|Any CPU
		{0D228DBA-280D-4592-AD5D-0157BD5EBFC1}.Release|Any CPU.Build.0 = Release|Any CPU
		{21A8446D-6FCE-4E05-BD7D-B28A6BF54662}.Debug|Any CPU.ActiveCfg = Debug|Any CPU
		{21A8446D-6FCE-4E05-BD7D-B28A6BF54662}.Debug|Any CPU.Build.0 = Debug|Any CPU
		{21A8446D-6FCE-4E05-BD7D-B28A6BF54662}.Release|Any CPU.ActiveCfg = Release|Any CPU
		{21A8446D-6FCE-4E05-BD7D-B28A6BF54662}.Release|Any CPU.Build.0 = Release|Any CPU
	EndGlobalSection
	GlobalSection(SolutionProperties) = preSolution
		HideSolutionNode = FALSE
	EndGlobalSection
EndGlobal
