
Microsoft Visual Studio Solution File, Format Version 12.00
# Visual Studio Version 17
VisualStudioVersion = 17.0.31903.59
MinimumVisualStudioVersion = 10.0.40219.1
Project("{FAE04EC0-301F-11D3-BF4B-00C04F79EFBC}") = "ZinzotNet", "ZinzotNet\ZinzotNet.csproj", "{BEFFA56D-F029-415F-8DAB-3483AAB68B04}"
EndProject
Project("{FAE04EC0-301F-11D3-BF4B-00C04F79EFBC}") = "ZinzotNet.Shared", "ZinzotNet.Shared\ZinzotNet.Shared.csproj", "{2D17FE5A-5A87-4C73-BAA8-B9C3259B94BB}"
EndProject
Project("{FAE04EC0-301F-11D3-BF4B-00C04F79EFBC}") = "ZinzotNet.Web", "ZinzotNet.Web\ZinzotNet.Web.csproj", "{205897A9-866E-4937-A21E-63CC3EE260B9}"
EndProject
Global
	GlobalSection(SolutionConfigurationPlatforms) = preSolution
		Debug|Any CPU = Debug|Any CPU
		Debug|x64 = Debug|x64
		Debug|x86 = Debug|x86
		Release|Any CPU = Release|Any CPU
		Release|x64 = Release|x64
		Release|x86 = Release|x86
	EndGlobalSection
	GlobalSection(ProjectConfigurationPlatforms) = postSolution
		{BEFFA56D-F029-415F-8DAB-3483AAB68B04}.Debug|Any CPU.ActiveCfg = Debug|Any CPU
		{BEFFA56D-F029-415F-8DAB-3483AAB68B04}.Debug|Any CPU.Build.0 = Debug|Any CPU
		{BEFFA56D-F029-415F-8DAB-3483AAB68B04}.Debug|x64.ActiveCfg = Debug|Any CPU
		{BEFFA56D-F029-415F-8DAB-3483AAB68B04}.Debug|x64.Build.0 = Debug|Any CPU
		{BEFFA56D-F029-415F-8DAB-3483AAB68B04}.Debug|x86.ActiveCfg = Debug|Any CPU
		{BEFFA56D-F029-415F-8DAB-3483AAB68B04}.Debug|x86.Build.0 = Debug|Any CPU
		{BEFFA56D-F029-415F-8DAB-3483AAB68B04}.Release|Any CPU.ActiveCfg = Release|Any CPU
		{BEFFA56D-F029-415F-8DAB-3483AAB68B04}.Release|Any CPU.Build.0 = Release|Any CPU
		{BEFFA56D-F029-415F-8DAB-3483AAB68B04}.Release|x64.ActiveCfg = Release|Any CPU
		{BEFFA56D-F029-415F-8DAB-3483AAB68B04}.Release|x64.Build.0 = Release|Any CPU
		{BEFFA56D-F029-415F-8DAB-3483AAB68B04}.Release|x86.ActiveCfg = Release|Any CPU
		{BEFFA56D-F029-415F-8DAB-3483AAB68B04}.Release|x86.Build.0 = Release|Any CPU
		{2D17FE5A-5A87-4C73-BAA8-B9C3259B94BB}.Debug|Any CPU.ActiveCfg = Debug|Any CPU
		{2D17FE5A-5A87-4C73-BAA8-B9C3259B94BB}.Debug|Any CPU.Build.0 = Debug|Any CPU
		{2D17FE5A-5A87-4C73-BAA8-B9C3259B94BB}.Debug|x64.ActiveCfg = Debug|Any CPU
		{2D17FE5A-5A87-4C73-BAA8-B9C3259B94BB}.Debug|x64.Build.0 = Debug|Any CPU
		{2D17FE5A-5A87-4C73-BAA8-B9C3259B94BB}.Debug|x86.ActiveCfg = Debug|Any CPU
		{2D17FE5A-5A87-4C73-BAA8-B9C3259B94BB}.Debug|x86.Build.0 = Debug|Any CPU
		{2D17FE5A-5A87-4C73-BAA8-B9C3259B94BB}.Release|Any CPU.ActiveCfg = Release|Any CPU
		{2D17FE5A-5A87-4C73-BAA8-B9C3259B94BB}.Release|Any CPU.Build.0 = Release|Any CPU
		{2D17FE5A-5A87-4C73-BAA8-B9C3259B94BB}.Release|x64.ActiveCfg = Release|Any CPU
		{2D17FE5A-5A87-4C73-BAA8-B9C3259B94BB}.Release|x64.Build.0 = Release|Any CPU
		{2D17FE5A-5A87-4C73-BAA8-B9C3259B94BB}.Release|x86.ActiveCfg = Release|Any CPU
		{2D17FE5A-5A87-4C73-BAA8-B9C3259B94BB}.Release|x86.Build.0 = Release|Any CPU
		{205897A9-866E-4937-A21E-63CC3EE260B9}.Debug|Any CPU.ActiveCfg = Debug|Any CPU
		{205897A9-866E-4937-A21E-63CC3EE260B9}.Debug|Any CPU.Build.0 = Debug|Any CPU
		{205897A9-866E-4937-A21E-63CC3EE260B9}.Debug|x64.ActiveCfg = Debug|Any CPU
		{205897A9-866E-4937-A21E-63CC3EE260B9}.Debug|x64.Build.0 = Debug|Any CPU
		{205897A9-866E-4937-A21E-63CC3EE260B9}.Debug|x86.ActiveCfg = Debug|Any CPU
		{205897A9-866E-4937-A21E-63CC3EE260B9}.Debug|x86.Build.0 = Debug|Any CPU
		{205897A9-866E-4937-A21E-63CC3EE260B9}.Release|Any CPU.ActiveCfg = Release|Any CPU
		{205897A9-866E-4937-A21E-63CC3EE260B9}.Release|Any CPU.Build.0 = Release|Any CPU
		{205897A9-866E-4937-A21E-63CC3EE260B9}.Release|x64.ActiveCfg = Release|Any CPU
		{205897A9-866E-4937-A21E-63CC3EE260B9}.Release|x64.Build.0 = Release|Any CPU
		{205897A9-866E-4937-A21E-63CC3EE260B9}.Release|x86.ActiveCfg = Release|Any CPU
		{205897A9-866E-4937-A21E-63CC3EE260B9}.Release|x86.Build.0 = Release|Any CPU
	EndGlobalSection
	GlobalSection(SolutionProperties) = preSolution
		HideSolutionNode = FALSE
	EndGlobalSection
EndGlobal
